
Microsoft Visual Studio Solution File, Format Version 12.00
# Visual Studio Version 17
VisualStudioVersion = 17.9.34622.214
MinimumVisualStudioVersion = 10.0.40219.1
Project("{FAE04EC0-301F-11D3-BF4B-00C04F79EFBC}") = "ApiRest_CRUD", "ApiRest_CRUD\ApiRest_CRUD.csproj", "{8CAAD07D-2EDE-446D-A6DC-74A9056AE10E}"
EndProject
Global
	GlobalSection(SolutionConfigurationPlatforms) = preSolution
		Debug|Any CPU = Debug|Any CPU
		Release|Any CPU = Release|Any CPU
	EndGlobalSection
	GlobalSection(ProjectConfigurationPlatforms) = postSolution
		{8CAAD07D-2EDE-446D-A6DC-74A9056AE10E}.Debug|Any CPU.ActiveCfg = Debug|Any CPU
		{8CAAD07D-2EDE-446D-A6DC-74A9056AE10E}.Debug|Any CPU.Build.0 = Debug|Any CPU
		{8CAAD07D-2EDE-446D-A6DC-74A9056AE10E}.Release|Any CPU.ActiveCfg = Release|Any CPU
		{8CAAD07D-2EDE-446D-A6DC-74A9056AE10E}.Release|Any CPU.Build.0 = Release|Any CPU
	EndGlobalSection
	GlobalSection(SolutionProperties) = preSolution
		HideSolutionNode = FALSE
	EndGlobalSection
	GlobalSection(ExtensibilityGlobals) = postSolution
		SolutionGuid = {4D79CCED-5A24-4533-AE39-FF8C0EF669B2}
	EndGlobalSection
EndGlobal
